{
  "dependencies": {
    "config-gitcrypt": {
      "version": "1.24.0",
      "resolved": "https://registry.npmjs.org/config-gitcrypt/-/config-gitcrypt-1.24.0.tgz",
      "from": "config-gitcrypt@1.24.0"
    },
    "json5": {
      "version": "0.4.0",
      "resolved": "https://registry.npmjs.org/json5/-/json5-0.4.0.tgz",
      "from": "json5@0.4.0"
    }
  }
}
