{
  "lockfileVersion": 1,
  "dependencies": {
    "@cunneen/underscore.deep": {
      "version": "1.0.0",
      "resolved": "https://registry.npmjs.org/@cunneen/underscore.deep/-/underscore.deep-1.0.0.tgz",
      "integrity": "sha512-7QhJw0g7uqFlgE1mDvxYCsEToxw232cAwDMWXGIooNGvpTQ7gtwztYivAApVilJKSC0envYTp6/7nxQEsvQMXg=="
    },
    "config": {
      "version": "3.2.5",
      "resolved": "https://registry.npmjs.org/config/-/config-3.2.5.tgz",
      "integrity": "sha512-8itpjyR01lAJanhAlPncBngYRZez/LoRLW8wnGi+6SEcsUyA1wvHvbpIrAJYDJT+W9BScnj4mYoUgbtp9I+0+Q=="
    },
    "fs-extra": {
      "version": "2.0.0",
      "resolved": "https://registry.npmjs.org/fs-extra/-/fs-extra-2.0.0.tgz",
      "integrity": "sha512-DERmRq6uGnu7I4uFJiWQBe5pYy67v2oKowEi8jYA/52u/ZO9xXBP2HAGacD9Nus0UT/WhJFZTq8cWbxZqOHVUg=="
    },
    "graceful-fs": {
      "version": "4.2.11",
      "resolved": "https://registry.npmjs.org/graceful-fs/-/graceful-fs-4.2.11.tgz",
      "integrity": "sha512-RbJ5/jmFcNNCcDV5o9eTnBLJ/HszWV0P73bc+Ff4nS/rJj+YaS6IGyiOL0VoBYX+l1Wrl3k63h/KrH+nhJ0XvQ=="
    },
    "json5": {
      "version": "1.0.2",
      "resolved": "https://registry.npmjs.org/json5/-/json5-1.0.2.tgz",
      "integrity": "sha512-g1MWMLBiz8FKi1e4w0UyVL3w+iJceWAFBAaBnnGKOpNa5f8TLktkbre1+s6oICydWAm+HRUGTmI+//xv2hvXYA=="
    },
    "jsonfile": {
      "version": "2.4.0",
      "resolved": "https://registry.npmjs.org/jsonfile/-/jsonfile-2.4.0.tgz",
      "integrity": "sha512-PKllAqbgLgxHaj8TElYymKCAgrASebJrWpTnEkOaTowt23VKXXN0sUeriJ+eh7y6ufb/CC5ap11pz71/cM0hUw=="
    },
    "minimist": {
      "version": "1.2.8",
      "resolved": "https://registry.npmjs.org/minimist/-/minimist-1.2.8.tgz",
      "integrity": "sha512-2yyAR8qBkN3YuheJanUpWC5U3bb5osDywNB8RzDVlDwDHbocAJveqqj1u8+SVD7jkWT4yvsHCpWqqWqAxb0zCA=="
    }
  }
}
