{
  "lockfileVersion": 1,
  "dependencies": {
    "@cunneen/underscore.deep": {
      "version": "1.0.0",
      "resolved": "https://registry.npmjs.org/@cunneen/underscore.deep/-/underscore.deep-1.0.0.tgz",
      "integrity": "sha512-7QhJw0g7uqFlgE1mDvxYCsEToxw232cAwDMWXGIooNGvpTQ7gtwztYivAApVilJKSC0envYTp6/7nxQEsvQMXg=="
    }
  }
}
