{
  "dependencies": {
    "config": {
      "version": "1.24.0",
      "resolved": "https://registry.npmjs.org/config/-/config-1.24.0.tgz",
      "from": "config@1.24.0"
    },
    "fs-extra": {
      "version": "2.0.0",
      "resolved": "https://registry.npmjs.org/fs-extra/-/fs-extra-2.0.0.tgz",
      "from": "fs-extra@2.0.0"
    },
    "graceful-fs": {
      "version": "4.1.11",
      "resolved": "https://registry.npmjs.org/graceful-fs/-/graceful-fs-4.1.11.tgz",
      "from": "graceful-fs@>=4.1.2 <5.0.0"
    },
    "json5": {
      "version": "0.4.0",
      "resolved": "https://registry.npmjs.org/json5/-/json5-0.4.0.tgz",
      "from": "json5@0.4.0"
    },
    "jsonfile": {
      "version": "2.4.0",
      "resolved": "https://registry.npmjs.org/jsonfile/-/jsonfile-2.4.0.tgz",
      "from": "jsonfile@>=2.1.0 <3.0.0"
    }
  }
}
